
Microsoft Visual Studio Solution File, Format Version 12.00
# Visual Studio Version 17
VisualStudioVersion = 17.2.32505.173
MinimumVisualStudioVersion = 10.0.40219.1
Project("{FAE04EC0-301F-11D3-BF4B-00C04F79EFBC}") = "Tarefa.API", "Tarefa.API\Tarefa.API.csproj", "{4C5875DD-73DC-4864-959D-A1C243C7541C}"
EndProject
Global
	GlobalSection(SolutionConfigurationPlatforms) = preSolution
		Debug|Any CPU = Debug|Any CPU
		Release|Any CPU = Release|Any CPU
	EndGlobalSection
	GlobalSection(ProjectConfigurationPlatforms) = postSolution
		{4C5875DD-73DC-4864-959D-A1C243C7541C}.Debug|Any CPU.ActiveCfg = Debug|Any CPU
		{4C5875DD-73DC-4864-959D-A1C243C7541C}.Debug|Any CPU.Build.0 = Debug|Any CPU
		{4C5875DD-73DC-4864-959D-A1C243C7541C}.Release|Any CPU.ActiveCfg = Release|Any CPU
		{4C5875DD-73DC-4864-959D-A1C243C7541C}.Release|Any CPU.Build.0 = Release|Any CPU
	EndGlobalSection
	GlobalSection(SolutionProperties) = preSolution
		HideSolutionNode = FALSE
	EndGlobalSection
	GlobalSection(ExtensibilityGlobals) = postSolution
		SolutionGuid = {4B4686F5-D4D5-473B-A1C1-61FD7903CD0F}
	EndGlobalSection
EndGlobal
